
Microsoft Visual Studio Solution File, Format Version 12.00
# Visual Studio Version 17
VisualStudioVersion = 17.4.33205.214
MinimumVisualStudioVersion = 10.0.40219.1
Project("{FAE04EC0-301F-11D3-BF4B-00C04F79EFBC}") = "RKU SOAC", "RKU SOAC\RKU SOAC.csproj", "{5D12AC9F-6825-4C87-8CE0-A5C5EF7EA9AF}"
EndProject
Global
	GlobalSection(SolutionConfigurationPlatforms) = preSolution
		Debug|Any CPU = Debug|Any CPU
		Release|Any CPU = Release|Any CPU
	EndGlobalSection
	GlobalSection(ProjectConfigurationPlatforms) = postSolution
		{5D12AC9F-6825-4C87-8CE0-A5C5EF7EA9AF}.Debug|Any CPU.ActiveCfg = Debug|Any CPU
		{5D12AC9F-6825-4C87-8CE0-A5C5EF7EA9AF}.Debug|Any CPU.Build.0 = Debug|Any CPU
		{5D12AC9F-6825-4C87-8CE0-A5C5EF7EA9AF}.Release|Any CPU.ActiveCfg = Release|Any CPU
		{5D12AC9F-6825-4C87-8CE0-A5C5EF7EA9AF}.Release|Any CPU.Build.0 = Release|Any CPU
	EndGlobalSection
	GlobalSection(SolutionProperties) = preSolution
		HideSolutionNode = FALSE
	EndGlobalSection
	GlobalSection(ExtensibilityGlobals) = postSolution
		SolutionGuid = {48338C63-1DDB-49AE-AE4D-EECBB0870859}
	EndGlobalSection
EndGlobal
